{
  "meteor": {},
  "dependencies": {
    "basePackages": {
      "bootstrap-3": {},
      "iron-router": {},
      "spin": {},
      "font-awesome": {},
      "flash-messages": {},
      "iron-router-progress": {},
      "fast-render": {},
      "jqGrid": {},
      "autocomplete": {},
      "accounts-ui-bootstrap-3": {}
    },
    "packages": {
      "bootstrap-3": {
        "git": "https://github.com/mangasocial/meteor-bootstrap-3.git",
        "tag": "v3.1.1-1",
        "commit": "63dd38968828bb8963636df93e9a1c45e2dfe67e"
      },
      "iron-router": {
        "git": "https://github.com/EventedMind/iron-router.git",
        "tag": "v0.7.1",
        "commit": "d1ffb3f06ea4c112132b030f2eb1a70b81675ecb"
      },
      "spin": {
        "git": "https://github.com/SachaG/meteor-spin.git",
        "tag": "v0.2.2",
        "commit": "3f655f0016228e4195acc784c45d3e3a247dc39f"
      },
      "font-awesome": {
        "git": "https://github.com/nate-strauser/meteor-font-awesome.git",
        "tag": "v4.1.0",
        "commit": "ce6b1e92715d1938babc5d69c655c17e387f5926"
      },
      "flash-messages": {
        "git": "https://github.com/camilosw/flash-messages.git",
        "tag": "v0.2.4",
        "commit": "8e7d09e7b7bd61ab10aaad01371dcecef2e9f797"
      },
      "iron-router-progress": {
        "git": "https://github.com/Multiply/iron-router-progress.git",
        "tag": "v0.4.0",
        "commit": "02f78bdaca4c13d59f548d5a0ce83408c34b56d1"
      },
      "fast-render": {
        "git": "https://github.com/arunoda/meteor-fast-render.git",
        "tag": "v0.2.5",
        "commit": "93e2fb334e55fbe9b5ebb2a2e65964018658f43e"
      },
      "jqGrid": {
        "git": "https://github.com/soncco/meteor-jqGrid.git",
        "tag": "v0.1.5",
        "commit": "03db776ba7b3ed05fe6d98ef63fce63b433ae87e"
      },
      "autocomplete": {
        "git": "https://github.com/mizzao/meteor-autocomplete.git",
        "tag": "v0.4.4",
        "commit": "1ffada2f92b323668e44ae5cfc5d1776b12987d0"
      },
      "accounts-ui-bootstrap-3": {
        "git": "https://github.com/mangasocial/meteor-accounts-ui-bootstrap-3.git",
        "tag": "v0.3.0-1",
        "commit": "93ffa5d0e325dc7026de89f6d90c178fa04bdd3a"
      },
      "blaze-layout": {
        "git": "https://github.com/EventedMind/blaze-layout.git",
        "tag": "v0.2.4",
        "commit": "b40e9b0612329288d75cf52ad14a7da64bb8618f"
      },
      "jquery-ui": {
        "git": "https://github.com/TimHeckel/meteor-jquery-ui.git",
        "tag": "v1.9.2",
        "commit": "c437d45edcf1367df8d5ffa8bad2867758030bd2"
      },
      "caret-position": {
        "git": "https://github.com/StockBase/meteor-caret-position.git",
        "tag": "v2.1.0-3",
        "commit": "6028cf980f62cbf72cb2ea527091a3a31f87b8a7"
      }
    }
  }
}
